
Microsoft Visual Studio Solution File, Format Version 12.00
# Visual Studio 15
VisualStudioVersion = 15.0.26228.4
MinimumVisualStudioVersion = 10.0.40219.1
Project("{FAE04EC0-301F-11D3-BF4B-00C04F79EFBC}") = "Compiler", "Compiler\Compiler.csproj", "{1A4C9595-7BE7-40D9-827A-75B51EACAD8C}"
EndProject
Project("{FAE04EC0-301F-11D3-BF4B-00C04F79EFBC}") = "Logic", "Logic\Logic.csproj", "{08BD8738-900F-4A71-A4C3-AF9AD89EE325}"
EndProject
Project("{FAE04EC0-301F-11D3-BF4B-00C04F79EFBC}") = "AST", "AST\AST.csproj", "{9566E3BD-EBA9-4C7C-BE88-46695C569954}"
EndProject
Project("{FAE04EC0-301F-11D3-BF4B-00C04F79EFBC}") = "CIL", "CIL\CIL.csproj", "{833686D3-161C-43A7-A53D-96FF5FCF10BD}"
EndProject
Global
	GlobalSection(SolutionConfigurationPlatforms) = preSolution
		Debug|Any CPU = Debug|Any CPU
		Release|Any CPU = Release|Any CPU
	EndGlobalSection
	GlobalSection(ProjectConfigurationPlatforms) = postSolution
		{1A4C9595-7BE7-40D9-827A-75B51EACAD8C}.Debug|Any CPU.ActiveCfg = Debug|Any CPU
		{1A4C9595-7BE7-40D9-827A-75B51EACAD8C}.Debug|Any CPU.Build.0 = Debug|Any CPU
		{1A4C9595-7BE7-40D9-827A-75B51EACAD8C}.Release|Any CPU.ActiveCfg = Release|Any CPU
		{1A4C9595-7BE7-40D9-827A-75B51EACAD8C}.Release|Any CPU.Build.0 = Release|Any CPU
		{08BD8738-900F-4A71-A4C3-AF9AD89EE325}.Debug|Any CPU.ActiveCfg = Debug|Any CPU
		{08BD8738-900F-4A71-A4C3-AF9AD89EE325}.Debug|Any CPU.Build.0 = Debug|Any CPU
		{08BD8738-900F-4A71-A4C3-AF9AD89EE325}.Release|Any CPU.ActiveCfg = Release|Any CPU
		{08BD8738-900F-4A71-A4C3-AF9AD89EE325}.Release|Any CPU.Build.0 = Release|Any CPU
		{9566E3BD-EBA9-4C7C-BE88-46695C569954}.Debug|Any CPU.ActiveCfg = Debug|Any CPU
		{9566E3BD-EBA9-4C7C-BE88-46695C569954}.Debug|Any CPU.Build.0 = Debug|Any CPU
		{9566E3BD-EBA9-4C7C-BE88-46695C569954}.Release|Any CPU.ActiveCfg = Release|Any CPU
		{9566E3BD-EBA9-4C7C-BE88-46695C569954}.Release|Any CPU.Build.0 = Release|Any CPU
		{833686D3-161C-43A7-A53D-96FF5FCF10BD}.Debug|Any CPU.ActiveCfg = Debug|Any CPU
		{833686D3-161C-43A7-A53D-96FF5FCF10BD}.Debug|Any CPU.Build.0 = Debug|Any CPU
		{833686D3-161C-43A7-A53D-96FF5FCF10BD}.Release|Any CPU.ActiveCfg = Release|Any CPU
		{833686D3-161C-43A7-A53D-96FF5FCF10BD}.Release|Any CPU.Build.0 = Release|Any CPU
	EndGlobalSection
	GlobalSection(SolutionProperties) = preSolution
		HideSolutionNode = FALSE
	EndGlobalSection
EndGlobal
